// !$*UTF8*$!
{
	archiveVersion = 1;
	classes = {
	};
	objectVersion = 56;
	objects = {

/* Begin PBXBuildFile section */
		2B28CEC029A6D436000CC9B2 /* LibreWidgetApp.swift in Sources */ = {isa = PBXBuildFile; fileRef = 2B28CEBF29A6D436000CC9B2 /* LibreWidgetApp.swift */; };
		2B28CEC229A6D436000CC9B2 /* ContentView.swift in Sources */ = {isa = PBXBuildFile; fileRef = 2B28CEC129A6D436000CC9B2 /* ContentView.swift */; };
		2B28CEC429A6D438000CC9B2 /* Assets.xcassets in Resources */ = {isa = PBXBuildFile; fileRef = 2B28CEC329A6D438000CC9B2 /* Assets.xcassets */; };
		2B28CEC729A6D438000CC9B2 /* Preview Assets.xcassets in Resources */ = {isa = PBXBuildFile; fileRef = 2B28CEC629A6D438000CC9B2 /* Preview Assets.xcassets */; };
		2B28CED129A6D438000CC9B2 /* LibreWidgetTests.swift in Sources */ = {isa = PBXBuildFile; fileRef = 2B28CED029A6D438000CC9B2 /* LibreWidgetTests.swift */; };
		2B28CEDB29A6D438000CC9B2 /* LibreWidgetUITests.swift in Sources */ = {isa = PBXBuildFile; fileRef = 2B28CEDA29A6D438000CC9B2 /* LibreWidgetUITests.swift */; };
		2B28CEDD29A6D438000CC9B2 /* LibreWidgetUITestsLaunchTests.swift in Sources */ = {isa = PBXBuildFile; fileRef = 2B28CEDC29A6D438000CC9B2 /* LibreWidgetUITestsLaunchTests.swift */; };
/* End PBXBuildFile section */

/* Begin PBXContainerItemProxy section */
		2B28CECD29A6D438000CC9B2 /* PBXContainerItemProxy */ = {
			isa = PBXContainerItemProxy;
			containerPortal = 2B28CEB429A6D436000CC9B2 /* Project object */;
			proxyType = 1;
			remoteGlobalIDString = 2B28CEBB29A6D436000CC9B2;
			remoteInfo = LibreWidget;
		};
		2B28CED729A6D438000CC9B2 /* PBXContainerItemProxy */ = {
			isa = PBXContainerItemProxy;
			containerPortal = 2B28CEB429A6D436000CC9B2 /* Project object */;
			proxyType = 1;
			remoteGlobalIDString = 2B28CEBB29A6D436000CC9B2;
			remoteInfo = LibreWidget;
		};
/* End PBXContainerItemProxy section */

/* Begin PBXFileReference section */
		2B28CEBC29A6D436000CC9B2 /* LibreWidget.app */ = {isa = PBXFileReference; explicitFileType = wrapper.application; includeInIndex = 0; path = LibreWidget.app; sourceTree = BUILT_PRODUCTS_DIR; };
		2B28CEBF29A6D436000CC9B2 /* LibreWidgetApp.swift */ = {isa = PBXFileReference; lastKnownFileType = sourcecode.swift; path = LibreWidgetApp.swift; sourceTree = "<group>"; };
		2B28CEC129A6D436000CC9B2 /* ContentView.swift */ = {isa = PBXFileReference; lastKnownFileType = sourcecode.swift; path = ContentView.swift; sourceTree = "<group>"; };
		2B28CEC329A6D438000CC9B2 /* Assets.xcassets */ = {isa = PBXFileReference; lastKnownFileType = folder.assetcatalog; path = Assets.xcassets; sourceTree = "<group>"; };
		2B28CEC629A6D438000CC9B2 /* Preview Assets.xcassets */ = {isa = PBXFileReference; lastKnownFileType = folder.assetcatalog; path = "Preview Assets.xcassets"; sourceTree = "<group>"; };
		2B28CECC29A6D438000CC9B2 /* LibreWidgetTests.xctest */ = {isa = PBXFileReference; explicitFileType = wrapper.cfbundle; includeInIndex = 0; path = LibreWidgetTests.xctest; sourceTree = BUILT_PRODUCTS_DIR; };
		2B28CED029A6D438000CC9B2 /* LibreWidgetTests.swift */ = {isa = PBXFileReference; lastKnownFileType = sourcecode.swift; path = LibreWidgetTests.swift; sourceTree = "<group>"; };
		2B28CED629A6D438000CC9B2 /* LibreWidgetUITests.xctest */ = {isa = PBXFileReference; explicitFileType = wrapper.cfbundle; includeInIndex = 0; path = LibreWidgetUITests.xctest; sourceTree = BUILT_PRODUCTS_DIR; };
		2B28CEDA29A6D438000CC9B2 /* LibreWidgetUITests.swift */ = {isa = PBXFileReference; lastKnownFileType = sourcecode.swift; path = LibreWidgetUITests.swift; sourceTree = "<group>"; };
		2B28CEDC29A6D438000CC9B2 /* LibreWidgetUITestsLaunchTests.swift */ = {isa = PBXFileReference; lastKnownFileType = sourcecode.swift; path = LibreWidgetUITestsLaunchTests.swift; sourceTree = "<group>"; };
/* End PBXFileReference section */

/* Begin PBXFrameworksBuildPhase section */
		2B28CEB929A6D436000CC9B2 /* Frameworks */ = {
			isa = PBXFrameworksBuildPhase;
			buildActionMask = 2147483647;
			files = (
			);
			runOnlyForDeploymentPostprocessing = 0;
		};
		2B28CEC929A6D438000CC9B2 /* Frameworks */ = {
			isa = PBXFrameworksBuildPhase;
			buildActionMask = 2147483647;
			files = (
			);
			runOnlyForDeploymentPostprocessing = 0;
		};
		2B28CED329A6D438000CC9B2 /* Frameworks */ = {
			isa = PBXFrameworksBuildPhase;
			buildActionMask = 2147483647;
			files = (
			);
			runOnlyForDeploymentPostprocessing = 0;
		};
/* End PBXFrameworksBuildPhase section */

/* Begin PBXGroup section */
		2B28CEB329A6D436000CC9B2 = {
			isa = PBXGroup;
			children = (
				2B28CEBE29A6D436000CC9B2 /* LibreWidget */,
				2B28CECF29A6D438000CC9B2 /* LibreWidgetTests */,
				2B28CED929A6D438000CC9B2 /* LibreWidgetUITests */,
				2B28CEBD29A6D436000CC9B2 /* Products */,
			);
			sourceTree = "<group>";
		};
		2B28CEBD29A6D436000CC9B2 /* Products */ = {
			isa = PBXGroup;
			children = (
				2B28CEBC29A6D436000CC9B2 /* LibreWidget.app */,
				2B28CECC29A6D438000CC9B2 /* LibreWidgetTests.xctest */,
				2B28CED629A6D438000CC9B2 /* LibreWidgetUITests.xctest */,
			);
			name = Products;
			sourceTree = "<group>";
		};
		2B28CEBE29A6D436000CC9B2 /* LibreWidget */ = {
			isa = PBXGroup;
			children = (
				2B28CEBF29A6D436000CC9B2 /* LibreWidgetApp.swift */,
				2B28CEC129A6D436000CC9B2 /* ContentView.swift */,
				2B28CEC329A6D438000CC9B2 /* Assets.xcassets */,
				2B28CEC529A6D438000CC9B2 /* Preview Content */,
			);
			path = LibreWidget;
			sourceTree = "<group>";
		};
		2B28CEC529A6D438000CC9B2 /* Preview Content */ = {
			isa = PBXGroup;
			children = (
				2B28CEC629A6D438000CC9B2 /* Preview Assets.xcassets */,
			);
			path = "Preview Content";
			sourceTree = "<group>";
		};
		2B28CECF29A6D438000CC9B2 /* LibreWidgetTests */ = {
			isa = PBXGroup;
			children = (
				2B28CED029A6D438000CC9B2 /* LibreWidgetTests.swift */,
			);
			path = LibreWidgetTests;
			sourceTree = "<group>";
		};
		2B28CED929A6D438000CC9B2 /* LibreWidgetUITests */ = {
			isa = PBXGroup;
			children = (
				2B28CEDA29A6D438000CC9B2 /* LibreWidgetUITests.swift */,
				2B28CEDC29A6D438000CC9B2 /* LibreWidgetUITestsLaunchTests.swift */,
			);
			path = LibreWidgetUITests;
			sourceTree = "<group>";
		};
/* End PBXGroup section */

/* Begin PBXNativeTarget section */
		2B28CEBB29A6D436000CC9B2 /* LibreWidget */ = {
			isa = PBXNativeTarget;
			buildConfigurationList = 2B28CEE029A6D438000CC9B2 /* Build configuration list for PBXNativeTarget "LibreWidget" */;
			buildPhases = (
				2B28CEB829A6D436000CC9B2 /* Sources */,
				2B28CEB929A6D436000CC9B2 /* Frameworks */,
				2B28CEBA29A6D436000CC9B2 /* Resources */,
			);
			buildRules = (
			);
			dependencies = (
			);
			name = LibreWidget;
			productName = LibreWidget;
			productReference = 2B28CEBC29A6D436000CC9B2 /* LibreWidget.app */;
			productType = "com.apple.product-type.application";
		};
		2B28CECB29A6D438000CC9B2 /* LibreWidgetTests */ = {
			isa = PBXNativeTarget;
			buildConfigurationList = 2B28CEE329A6D438000CC9B2 /* Build configuration list for PBXNativeTarget "LibreWidgetTests" */;
			buildPhases = (
				2B28CEC829A6D438000CC9B2 /* Sources */,
				2B28CEC929A6D438000CC9B2 /* Frameworks */,
				2B28CECA29A6D438000CC9B2 /* Resources */,
			);
			buildRules = (
			);
			dependencies = (
				2B28CECE29A6D438000CC9B2 /* PBXTargetDependency */,
			);
			name = LibreWidgetTests;
			productName = LibreWidgetTests;
			productReference = 2B28CECC29A6D438000CC9B2 /* LibreWidgetTests.xctest */;
			productType = "com.apple.product-type.bundle.unit-test";
		};
		2B28CED529A6D438000CC9B2 /* LibreWidgetUITests */ = {
			isa = PBXNativeTarget;
			buildConfigurationList = 2B28CEE629A6D438000CC9B2 /* Build configuration list for PBXNativeTarget "LibreWidgetUITests" */;
			buildPhases = (
				2B28CED229A6D438000CC9B2 /* Sources */,
				2B28CED329A6D438000CC9B2 /* Frameworks */,
				2B28CED429A6D438000CC9B2 /* Resources */,
			);
			buildRules = (
			);
			dependencies = (
				2B28CED829A6D438000CC9B2 /* PBXTargetDependency */,
			);
			name = LibreWidgetUITests;
			productName = LibreWidgetUITests;
			productReference = 2B28CED629A6D438000CC9B2 /* LibreWidgetUITests.xctest */;
			productType = "com.apple.product-type.bundle.ui-testing";
		};
/* End PBXNativeTarget section */

/* Begin PBXProject section */
		2B28CEB429A6D436000CC9B2 /* Project object */ = {
			isa = PBXProject;
			attributes = {
				BuildIndependentTargetsInParallel = 1;
				LastSwiftUpdateCheck = 1420;
				LastUpgradeCheck = 1420;
				TargetAttributes = {
					2B28CEBB29A6D436000CC9B2 = {
						CreatedOnToolsVersion = 14.2;
					};
					2B28CECB29A6D438000CC9B2 = {
						CreatedOnToolsVersion = 14.2;
						TestTargetID = 2B28CEBB29A6D436000CC9B2;
					};
					2B28CED529A6D438000CC9B2 = {
						CreatedOnToolsVersion = 14.2;
						TestTargetID = 2B28CEBB29A6D436000CC9B2;
					};
				};
			};
			buildConfigurationList = 2B28CEB729A6D436000CC9B2 /* Build configuration list for PBXProject "LibreWidget" */;
			compatibilityVersion = "Xcode 14.0";
			developmentRegion = en;
			hasScannedForEncodings = 0;
			knownRegions = (
				en,
				Base,
			);
			mainGroup = 2B28CEB329A6D436000CC9B2;
			productRefGroup = 2B28CEBD29A6D436000CC9B2 /* Products */;
			projectDirPath = "";
			projectRoot = "";
			targets = (
				2B28CEBB29A6D436000CC9B2 /* LibreWidget */,
				2B28CECB29A6D438000CC9B2 /* LibreWidgetTests */,
				2B28CED529A6D438000CC9B2 /* LibreWidgetUITests */,
			);
		};
/* End PBXProject section */

/* Begin PBXResourcesBuildPhase section */
		2B28CEBA29A6D436000CC9B2 /* Resources */ = {
			isa = PBXResourcesBuildPhase;
			buildActionMask = 2147483647;
			files = (
				2B28CEC729A6D438000CC9B2 /* Preview Assets.xcassets in Resources */,
				2B28CEC429A6D438000CC9B2 /* Assets.xcassets in Resources */,
			);
			runOnlyForDeploymentPostprocessing = 0;
		};
		2B28CECA29A6D438000CC9B2 /* Resources */ = {
			isa = PBXResourcesBuildPhase;
			buildActionMask = 2147483647;
			files = (
			);
			runOnlyForDeploymentPostprocessing = 0;
		};
		2B28CED429A6D438000CC9B2 /* Resources */ = {
			isa = PBXResourcesBuildPhase;
			buildActionMask = 2147483647;
			files = (
			);
			runOnlyForDeploymentPostprocessing = 0;
		};
/* End PBXResourcesBuildPhase section */

/* Begin PBXSourcesBuildPhase section */
		2B28CEB829A6D436000CC9B2 /* Sources */ = {
			isa = PBXSourcesBuildPhase;
			buildActionMask = 2147483647;
			files = (
				2B28CEC229A6D436000CC9B2 /* ContentView.swift in Sources */,
				2B28CEC029A6D436000CC9B2 /* LibreWidgetApp.swift in Sources */,
			);
			runOnlyForDeploymentPostprocessing = 0;
		};
		2B28CEC829A6D438000CC9B2 /* Sources */ = {
			isa = PBXSourcesBuildPhase;
			buildActionMask = 2147483647;
			files = (
				2B28CED129A6D438000CC9B2 /* LibreWidgetTests.swift in Sources */,
			);
			runOnlyForDeploymentPostprocessing = 0;
		};
		2B28CED229A6D438000CC9B2 /* Sources */ = {
			isa = PBXSourcesBuildPhase;
			buildActionMask = 2147483647;
			files = (
				2B28CEDB29A6D438000CC9B2 /* LibreWidgetUITests.swift in Sources */,
				2B28CEDD29A6D438000CC9B2 /* LibreWidgetUITestsLaunchTests.swift in Sources */,
			);
			runOnlyForDeploymentPostprocessing = 0;
		};
/* End PBXSourcesBuildPhase section */

/* Begin PBXTargetDependency section */
		2B28CECE29A6D438000CC9B2 /* PBXTargetDependency */ = {
			isa = PBXTargetDependency;
			target = 2B28CEBB29A6D436000CC9B2 /* LibreWidget */;
			targetProxy = 2B28CECD29A6D438000CC9B2 /* PBXContainerItemProxy */;
		};
		2B28CED829A6D438000CC9B2 /* PBXTargetDependency */ = {
			isa = PBXTargetDependency;
			target = 2B28CEBB29A6D436000CC9B2 /* LibreWidget */;
			targetProxy = 2B28CED729A6D438000CC9B2 /* PBXContainerItemProxy */;
		};
/* End PBXTargetDependency section */

/* Begin XCBuildConfiguration section */
		2B28CEDE29A6D438000CC9B2 /* Debug */ = {
			isa = XCBuildConfiguration;
			buildSettings = {
				ALWAYS_SEARCH_USER_PATHS = NO;
				CLANG_ANALYZER_NONNULL = YES;
				CLANG_ANALYZER_NUMBER_OBJECT_CONVERSION = YES_AGGRESSIVE;
				CLANG_CXX_LANGUAGE_STANDARD = "gnu++20";
				CLANG_ENABLE_MODULES = YES;
				CLANG_ENABLE_OBJC_ARC = YES;
				CLANG_ENABLE_OBJC_WEAK = YES;
				CLANG_WARN_BLOCK_CAPTURE_AUTORELEASING = YES;
				CLANG_WARN_BOOL_CONVERSION = YES;
				CLANG_WARN_COMMA = YES;
				CLANG_WARN_CONSTANT_CONVERSION = YES;
				CLANG_WARN_DEPRECATED_OBJC_IMPLEMENTATIONS = YES;
				CLANG_WARN_DIRECT_OBJC_ISA_USAGE = YES_ERROR;
				CLANG_WARN_DOCUMENTATION_COMMENTS = YES;
				CLANG_WARN_EMPTY_BODY = YES;
				CLANG_WARN_ENUM_CONVERSION = YES;
				CLANG_WARN_INFINITE_RECURSION = YES;
				CLANG_WARN_INT_CONVERSION = YES;
				CLANG_WARN_NON_LITERAL_NULL_CONVERSION = YES;
				CLANG_WARN_OBJC_IMPLICIT_RETAIN_SELF = YES;
				CLANG_WARN_OBJC_LITERAL_CONVERSION = YES;
				CLANG_WARN_OBJC_ROOT_CLASS = YES_ERROR;
				CLANG_WARN_QUOTED_INCLUDE_IN_FRAMEWORK_HEADER = YES;
				CLANG_WARN_RANGE_LOOP_ANALYSIS = YES;
				CLANG_WARN_STRICT_PROTOTYPES = YES;
				CLANG_WARN_SUSPICIOUS_MOVE = YES;
				CLANG_WARN_UNGUARDED_AVAILABILITY = YES_AGGRESSIVE;
				CLANG_WARN_UNREACHABLE_CODE = YES;
				CLANG_WARN__DUPLICATE_METHOD_MATCH = YES;
				COPY_PHASE_STRIP = NO;
				DEBUG_INFORMATION_FORMAT = dwarf;
				ENABLE_STRICT_OBJC_MSGSEND = YES;
				ENABLE_TESTABILITY = YES;
				GCC_C_LANGUAGE_STANDARD = gnu11;
				GCC_DYNAMIC_NO_PIC = NO;
				GCC_NO_COMMON_BLOCKS = YES;
				GCC_OPTIMIZATION_LEVEL = 0;
				GCC_PREPROCESSOR_DEFINITIONS = (
					"DEBUG=1",
					"$(inherited)",
				);
				GCC_WARN_64_TO_32_BIT_CONVERSION = YES;
				GCC_WARN_ABOUT_RETURN_TYPE = YES_ERROR;
				GCC_WARN_UNDECLARED_SELECTOR = YES;
				GCC_WARN_UNINITIALIZED_AUTOS = YES_AGGRESSIVE;
				GCC_WARN_UNUSED_FUNCTION = YES;
				GCC_WARN_UNUSED_VARIABLE = YES;
				IPHONEOS_DEPLOYMENT_TARGET = 16.2;
				MTL_ENABLE_DEBUG_INFO = INCLUDE_SOURCE;
				MTL_FAST_MATH = YES;
				ONLY_ACTIVE_ARCH = YES;
				SDKROOT = iphoneos;
				SWIFT_ACTIVE_COMPILATION_CONDITIONS = DEBUG;
				SWIFT_OPTIMIZATION_LEVEL = "-Onone";
			};
			name = Debug;
		};
		2B28CEDF29A6D438000CC9B2 /* Release */ = {
			isa = XCBuildConfiguration;
			buildSettings = {
				ALWAYS_SEARCH_USER_PATHS = NO;
				CLANG_ANALYZER_NONNULL = YES;
				CLANG_ANALYZER_NUMBER_OBJECT_CONVERSION = YES_AGGRESSIVE;
				CLANG_CXX_LANGUAGE_STANDARD = "gnu++20";
				CLANG_ENABLE_MODULES = YES;
				CLANG_ENABLE_OBJC_ARC = YES;
				CLANG_ENABLE_OBJC_WEAK = YES;
				CLANG_WARN_BLOCK_CAPTURE_AUTORELEASING = YES;
				CLANG_WARN_BOOL_CONVERSION = YES;
				CLANG_WARN_COMMA = YES;
				CLANG_WARN_CONSTANT_CONVERSION = YES;
				CLANG_WARN_DEPRECATED_OBJC_IMPLEMENTATIONS = YES;
				CLANG_WARN_DIRECT_OBJC_ISA_USAGE = YES_ERROR;
				CLANG_WARN_DOCUMENTATION_COMMENTS = YES;
				CLANG_WARN_EMPTY_BODY = YES;
				CLANG_WARN_ENUM_CONVERSION = YES;
				CLANG_WARN_INFINITE_RECURSION = YES;
				CLANG_WARN_INT_CONVERSION = YES;
				CLANG_WARN_NON_LITERAL_NULL_CONVERSION = YES;
				CLANG_WARN_OBJC_IMPLICIT_RETAIN_SELF = YES;
				CLANG_WARN_OBJC_LITERAL_CONVERSION = YES;
				CLANG_WARN_OBJC_ROOT_CLASS = YES_ERROR;
				CLANG_WARN_QUOTED_INCLUDE_IN_FRAMEWORK_HEADER = YES;
				CLANG_WARN_RANGE_LOOP_ANALYSIS = YES;
				CLANG_WARN_STRICT_PROTOTYPES = YES;
				CLANG_WARN_SUSPICIOUS_MOVE = YES;
				CLANG_WARN_UNGUARDED_AVAILABILITY = YES_AGGRESSIVE;
				CLANG_WARN_UNREACHABLE_CODE = YES;
				CLANG_WARN__DUPLICATE_METHOD_MATCH = YES;
				COPY_PHASE_STRIP = NO;
				DEBUG_INFORMATION_FORMAT = "dwarf-with-dsym";
				ENABLE_NS_ASSERTIONS = NO;
				ENABLE_STRICT_OBJC_MSGSEND = YES;
				GCC_C_LANGUAGE_STANDARD = gnu11;
				GCC_NO_COMMON_BLOCKS = YES;
				GCC_WARN_64_TO_32_BIT_CONVERSION = YES;
				GCC_WARN_ABOUT_RETURN_TYPE = YES_ERROR;
				GCC_WARN_UNDECLARED_SELECTOR = YES;
				GCC_WARN_UNINITIALIZED_AUTOS = YES_AGGRESSIVE;
				GCC_WARN_UNUSED_FUNCTION = YES;
				GCC_WARN_UNUSED_VARIABLE = YES;
				IPHONEOS_DEPLOYMENT_TARGET = 16.2;
				MTL_ENABLE_DEBUG_INFO = NO;
				MTL_FAST_MATH = YES;
				SDKROOT = iphoneos;
				SWIFT_COMPILATION_MODE = wholemodule;
				SWIFT_OPTIMIZATION_LEVEL = "-O";
				VALIDATE_PRODUCT = YES;
			};
			name = Release;
		};
		2B28CEE129A6D438000CC9B2 /* Debug */ = {
			isa = XCBuildConfiguration;
			buildSettings = {
				ASSETCATALOG_COMPILER_APPICON_NAME = AppIcon;
				ASSETCATALOG_COMPILER_GLOBAL_ACCENT_COLOR_NAME = AccentColor;
				CODE_SIGN_STYLE = Automatic;
				CURRENT_PROJECT_VERSION = 1;
				DEVELOPMENT_ASSET_PATHS = "\"LibreWidget/Preview Content\"";
				DEVELOPMENT_TEAM = 8L5B6SD39J;
				ENABLE_PREVIEWS = YES;
				GENERATE_INFOPLIST_FILE = YES;
				INFOPLIST_KEY_UIApplicationSceneManifest_Generation = YES;
				INFOPLIST_KEY_UIApplicationSupportsIndirectInputEvents = YES;
				INFOPLIST_KEY_UILaunchScreen_Generation = YES;
				INFOPLIST_KEY_UISupportedInterfaceOrientations_iPad = "UIInterfaceOrientationPortrait UIInterfaceOrientationPortraitUpsideDown UIInterfaceOrientationLandscapeLeft UIInterfaceOrientationLandscapeRight";
				INFOPLIST_KEY_UISupportedInterfaceOrientations_iPhone = "UIInterfaceOrientationPortrait UIInterfaceOrientationLandscapeLeft UIInterfaceOrientationLandscapeRight";
				LD_RUNPATH_SEARCH_PATHS = (
					"$(inherited)",
					"@executable_path/Frameworks",
				);
				MARKETING_VERSION = 1.0;
				PRODUCT_BUNDLE_IDENTIFIER = com.gabefridkis.LibreWidget;
				PRODUCT_NAME = "$(TARGET_NAME)";
				SWIFT_EMIT_LOC_STRINGS = YES;
				SWIFT_VERSION = 5.0;
				TARGETED_DEVICE_FAMILY = "1,2";
			};
			name = Debug;
		};
		2B28CEE229A6D438000CC9B2 /* Release */ = {
			isa = XCBuildConfiguration;
			buildSettings = {
				ASSETCATALOG_COMPILER_APPICON_NAME = AppIcon;
				ASSETCATALOG_COMPILER_GLOBAL_ACCENT_COLOR_NAME = AccentColor;
				CODE_SIGN_STYLE = Automatic;
				CURRENT_PROJECT_VERSION = 1;
				DEVELOPMENT_ASSET_PATHS = "\"LibreWidget/Preview Content\"";
				DEVELOPMENT_TEAM = 8L5B6SD39J;
				ENABLE_PREVIEWS = YES;
				GENERATE_INFOPLIST_FILE = YES;
				INFOPLIST_KEY_UIApplicationSceneManifest_Generation = YES;
				INFOPLIST_KEY_UIApplicationSupportsIndirectInputEvents = YES;
				INFOPLIST_KEY_UILaunchScreen_Generation = YES;
				INFOPLIST_KEY_UISupportedInterfaceOrientations_iPad = "UIInterfaceOrientationPortrait UIInterfaceOrientationPortraitUpsideDown UIInterfaceOrientationLandscapeLeft UIInterfaceOrientationLandscapeRight";
				INFOPLIST_KEY_UISupportedInterfaceOrientations_iPhone = "UIInterfaceOrientationPortrait UIInterfaceOrientationLandscapeLeft UIInterfaceOrientationLandscapeRight";
				LD_RUNPATH_SEARCH_PATHS = (
					"$(inherited)",
					"@executable_path/Frameworks",
				);
				MARKETING_VERSION = 1.0;
				PRODUCT_BUNDLE_IDENTIFIER = com.gabefridkis.LibreWidget;
				PRODUCT_NAME = "$(TARGET_NAME)";
				SWIFT_EMIT_LOC_STRINGS = YES;
				SWIFT_VERSION = 5.0;
				TARGETED_DEVICE_FAMILY = "1,2";
			};
			name = Release;
		};
		2B28CEE429A6D438000CC9B2 /* Debug */ = {
			isa = XCBuildConfiguration;
			buildSettings = {
				ALWAYS_EMBED_SWIFT_STANDARD_LIBRARIES = YES;
				BUNDLE_LOADER = "$(TEST_HOST)";
				CODE_SIGN_STYLE = Automatic;
				CURRENT_PROJECT_VERSION = 1;
				DEVELOPMENT_TEAM = 8L5B6SD39J;
				GENERATE_INFOPLIST_FILE = YES;
				IPHONEOS_DEPLOYMENT_TARGET = 16.2;
				MARKETING_VERSION = 1.0;
				PRODUCT_BUNDLE_IDENTIFIER = com.gabefridkis.LibreWidgetTests;
				PRODUCT_NAME = "$(TARGET_NAME)";
				SWIFT_EMIT_LOC_STRINGS = NO;
				SWIFT_VERSION = 5.0;
				TARGETED_DEVICE_FAMILY = "1,2";
				TEST_HOST = "$(BUILT_PRODUCTS_DIR)/LibreWidget.app/$(BUNDLE_EXECUTABLE_FOLDER_PATH)/LibreWidget";
			};
			name = Debug;
		};
		2B28CEE529A6D438000CC9B2 /* Release */ = {
			isa = XCBuildConfiguration;
			buildSettings = {
				ALWAYS_EMBED_SWIFT_STANDARD_LIBRARIES = YES;
				BUNDLE_LOADER = "$(TEST_HOST)";
				CODE_SIGN_STYLE = Automatic;
				CURRENT_PROJECT_VERSION = 1;
				DEVELOPMENT_TEAM = 8L5B6SD39J;
				GENERATE_INFOPLIST_FILE = YES;
				IPHONEOS_DEPLOYMENT_TARGET = 16.2;
				MARKETING_VERSION = 1.0;
				PRODUCT_BUNDLE_IDENTIFIER = com.gabefridkis.LibreWidgetTests;
				PRODUCT_NAME = "$(TARGET_NAME)";
				SWIFT_EMIT_LOC_STRINGS = NO;
				SWIFT_VERSION = 5.0;
				TARGETED_DEVICE_FAMILY = "1,2";
				TEST_HOST = "$(BUILT_PRODUCTS_DIR)/LibreWidget.app/$(BUNDLE_EXECUTABLE_FOLDER_PATH)/LibreWidget";
			};
			name = Release;
		};
		2B28CEE729A6D438000CC9B2 /* Debug */ = {
			isa = XCBuildConfiguration;
			buildSettings = {
				ALWAYS_EMBED_SWIFT_STANDARD_LIBRARIES = YES;
				CODE_SIGN_STYLE = Automatic;
				CURRENT_PROJECT_VERSION = 1;
				DEVELOPMENT_TEAM = 8L5B6SD39J;
				GENERATE_INFOPLIST_FILE = YES;
				MARKETING_VERSION = 1.0;
				PRODUCT_BUNDLE_IDENTIFIER = com.gabefridkis.LibreWidgetUITests;
				PRODUCT_NAME = "$(TARGET_NAME)";
				SWIFT_EMIT_LOC_STRINGS = NO;
				SWIFT_VERSION = 5.0;
				TARGETED_DEVICE_FAMILY = "1,2";
				TEST_TARGET_NAME = LibreWidget;
			};
			name = Debug;
		};
		2B28CEE829A6D438000CC9B2 /* Release */ = {
			isa = XCBuildConfiguration;
			buildSettings = {
				ALWAYS_EMBED_SWIFT_STANDARD_LIBRARIES = YES;
				CODE_SIGN_STYLE = Automatic;
				CURRENT_PROJECT_VERSION = 1;
				DEVELOPMENT_TEAM = 8L5B6SD39J;
				GENERATE_INFOPLIST_FILE = YES;
				MARKETING_VERSION = 1.0;
				PRODUCT_BUNDLE_IDENTIFIER = com.gabefridkis.LibreWidgetUITests;
				PRODUCT_NAME = "$(TARGET_NAME)";
				SWIFT_EMIT_LOC_STRINGS = NO;
				SWIFT_VERSION = 5.0;
				TARGETED_DEVICE_FAMILY = "1,2";
				TEST_TARGET_NAME = LibreWidget;
			};
			name = Release;
		};
/* End XCBuildConfiguration section */

/* Begin XCConfigurationList section */
		2B28CEB729A6D436000CC9B2 /* Build configuration list for PBXProject "LibreWidget" */ = {
			isa = XCConfigurationList;
			buildConfigurations = (
				2B28CEDE29A6D438000CC9B2 /* Debug */,
				2B28CEDF29A6D438000CC9B2 /* Release */,
			);
			defaultConfigurationIsVisible = 0;
			defaultConfigurationName = Release;
		};
		2B28CEE029A6D438000CC9B2 /* Build configuration list for PBXNativeTarget "LibreWidget" */ = {
			isa = XCConfigurationList;
			buildConfigurations = (
				2B28CEE129A6D438000CC9B2 /* Debug */,
				2B28CEE229A6D438000CC9B2 /* Release */,
			);
			defaultConfigurationIsVisible = 0;
			defaultConfigurationName = Release;
		};
		2B28CEE329A6D438000CC9B2 /* Build configuration list for PBXNativeTarget "LibreWidgetTests" */ = {
			isa = XCConfigurationList;
			buildConfigurations = (
				2B28CEE429A6D438000CC9B2 /* Debug */,
				2B28CEE529A6D438000CC9B2 /* Release */,
			);
			defaultConfigurationIsVisible = 0;
			defaultConfigurationName = Release;
		};
		2B28CEE629A6D438000CC9B2 /* Build configuration list for PBXNativeTarget "LibreWidgetUITests" */ = {
			isa = XCConfigurationList;
			buildConfigurations = (
				2B28CEE729A6D438000CC9B2 /* Debug */,
				2B28CEE829A6D438000CC9B2 /* Release */,
			);
			defaultConfigurationIsVisible = 0;
			defaultConfigurationName = Release;
		};
/* End XCConfigurationList section */
	};
	rootObject = 2B28CEB429A6D436000CC9B2 /* Project object */;
}
